
Microsoft Visual Studio Solution File, Format Version 12.00
# Visual Studio Version 17
VisualStudioVersion = 17.8.34511.84
MinimumVisualStudioVersion = 10.0.40219.1
Project("{FAE04EC0-301F-11D3-BF4B-00C04F79EFBC}") = "Mars_rover_kata", "Mars_rover_kata\Mars_rover_kata.csproj", "{95AE479B-9A1E-46DB-9A53-4A918F055544}"
EndProject
Global
	GlobalSection(SolutionConfigurationPlatforms) = preSolution
		Debug|Any CPU = Debug|Any CPU
		Release|Any CPU = Release|Any CPU
	EndGlobalSection
	GlobalSection(ProjectConfigurationPlatforms) = postSolution
		{95AE479B-9A1E-46DB-9A53-4A918F055544}.Debug|Any CPU.ActiveCfg = Debug|Any CPU
		{95AE479B-9A1E-46DB-9A53-4A918F055544}.Debug|Any CPU.Build.0 = Debug|Any CPU
		{95AE479B-9A1E-46DB-9A53-4A918F055544}.Release|Any CPU.ActiveCfg = Release|Any CPU
		{95AE479B-9A1E-46DB-9A53-4A918F055544}.Release|Any CPU.Build.0 = Release|Any CPU
	EndGlobalSection
	GlobalSection(SolutionProperties) = preSolution
		HideSolutionNode = FALSE
	EndGlobalSection
	GlobalSection(ExtensibilityGlobals) = postSolution
		SolutionGuid = {B297CF5F-7429-462F-AF9E-207A41C51F91}
	EndGlobalSection
EndGlobal
